
Microsoft Visual Studio Solution File, Format Version 12.00
# Visual Studio Version 16
VisualStudioVersion = 16.0.32802.440
MinimumVisualStudioVersion = 10.0.40219.1
Project("{FAE04EC0-301F-11D3-BF4B-00C04F79EFBC}") = "Yuzde degerini hesaplama", "Yuzde degerini hesaplama\Yuzde degerini hesaplama.csproj", "{864C1A6E-093A-449B-BBD7-D6B205A3B34F}"
EndProject
Global
	GlobalSection(SolutionConfigurationPlatforms) = preSolution
		Debug|Any CPU = Debug|Any CPU
		Release|Any CPU = Release|Any CPU
	EndGlobalSection
	GlobalSection(ProjectConfigurationPlatforms) = postSolution
		{864C1A6E-093A-449B-BBD7-D6B205A3B34F}.Debug|Any CPU.ActiveCfg = Debug|Any CPU
		{864C1A6E-093A-449B-BBD7-D6B205A3B34F}.Debug|Any CPU.Build.0 = Debug|Any CPU
		{864C1A6E-093A-449B-BBD7-D6B205A3B34F}.Release|Any CPU.ActiveCfg = Release|Any CPU
		{864C1A6E-093A-449B-BBD7-D6B205A3B34F}.Release|Any CPU.Build.0 = Release|Any CPU
	EndGlobalSection
	GlobalSection(SolutionProperties) = preSolution
		HideSolutionNode = FALSE
	EndGlobalSection
	GlobalSection(ExtensibilityGlobals) = postSolution
		SolutionGuid = {5F82E195-EDBC-4559-B3C2-5ADC8DD05F13}
	EndGlobalSection
EndGlobal
