
Microsoft Visual Studio Solution File, Format Version 12.00
# Visual Studio Version 16
VisualStudioVersion = 16.0.32802.440
MinimumVisualStudioVersion = 10.0.40219.1
Project("{FAE04EC0-301F-11D3-BF4B-00C04F79EFBC}") = "Buyuk olani bulma", "Buyuk olani bulma\Buyuk olani bulma.csproj", "{290CE341-ACCC-405B-9A91-60DA0659E29E}"
EndProject
Global
	GlobalSection(SolutionConfigurationPlatforms) = preSolution
		Debug|Any CPU = Debug|Any CPU
		Release|Any CPU = Release|Any CPU
	EndGlobalSection
	GlobalSection(ProjectConfigurationPlatforms) = postSolution
		{290CE341-ACCC-405B-9A91-60DA0659E29E}.Debug|Any CPU.ActiveCfg = Debug|Any CPU
		{290CE341-ACCC-405B-9A91-60DA0659E29E}.Debug|Any CPU.Build.0 = Debug|Any CPU
		{290CE341-ACCC-405B-9A91-60DA0659E29E}.Release|Any CPU.ActiveCfg = Release|Any CPU
		{290CE341-ACCC-405B-9A91-60DA0659E29E}.Release|Any CPU.Build.0 = Release|Any CPU
	EndGlobalSection
	GlobalSection(SolutionProperties) = preSolution
		HideSolutionNode = FALSE
	EndGlobalSection
	GlobalSection(ExtensibilityGlobals) = postSolution
		SolutionGuid = {F01385AF-08A0-4650-9131-F84774228554}
	EndGlobalSection
EndGlobal
